
Microsoft Visual Studio Solution File, Format Version 12.00
# Visual Studio Version 17
VisualStudioVersion = 17.7.34024.191
MinimumVisualStudioVersion = 10.0.40219.1
Project("{FAE04EC0-301F-11D3-BF4B-00C04F79EFBC}") = "1 - Publicador", "1 - Publicador\1 - Publicador.csproj", "{BA7FF0DC-D908-41C6-9F3A-10FB9F2A5F27}"
EndProject
Project("{FAE04EC0-301F-11D3-BF4B-00C04F79EFBC}") = "3 - Compartilhado", "3 - Compartilhado\3 - Compartilhado.csproj", "{A4A7346A-5297-46A6-A5D2-CD8E075C8936}"
EndProject
Project("{FAE04EC0-301F-11D3-BF4B-00C04F79EFBC}") = "2 - ConsumidorEmail", "2 - ConsumidorEmail\2 - ConsumidorEmail.csproj", "{DF8EF489-7241-4DE2-A11F-4C65137F1A2F}"
EndProject
Global
	GlobalSection(SolutionConfigurationPlatforms) = preSolution
		Debug|Any CPU = Debug|Any CPU
		Release|Any CPU = Release|Any CPU
	EndGlobalSection
	GlobalSection(ProjectConfigurationPlatforms) = postSolution
		{BA7FF0DC-D908-41C6-9F3A-10FB9F2A5F27}.Debug|Any CPU.ActiveCfg = Debug|Any CPU
		{BA7FF0DC-D908-41C6-9F3A-10FB9F2A5F27}.Debug|Any CPU.Build.0 = Debug|Any CPU
		{BA7FF0DC-D908-41C6-9F3A-10FB9F2A5F27}.Release|Any CPU.ActiveCfg = Release|Any CPU
		{BA7FF0DC-D908-41C6-9F3A-10FB9F2A5F27}.Release|Any CPU.Build.0 = Release|Any CPU
		{A4A7346A-5297-46A6-A5D2-CD8E075C8936}.Debug|Any CPU.ActiveCfg = Debug|Any CPU
		{A4A7346A-5297-46A6-A5D2-CD8E075C8936}.Debug|Any CPU.Build.0 = Debug|Any CPU
		{A4A7346A-5297-46A6-A5D2-CD8E075C8936}.Release|Any CPU.ActiveCfg = Release|Any CPU
		{A4A7346A-5297-46A6-A5D2-CD8E075C8936}.Release|Any CPU.Build.0 = Release|Any CPU
		{DF8EF489-7241-4DE2-A11F-4C65137F1A2F}.Debug|Any CPU.ActiveCfg = Debug|Any CPU
		{DF8EF489-7241-4DE2-A11F-4C65137F1A2F}.Debug|Any CPU.Build.0 = Debug|Any CPU
		{DF8EF489-7241-4DE2-A11F-4C65137F1A2F}.Release|Any CPU.ActiveCfg = Release|Any CPU
		{DF8EF489-7241-4DE2-A11F-4C65137F1A2F}.Release|Any CPU.Build.0 = Release|Any CPU
	EndGlobalSection
	GlobalSection(SolutionProperties) = preSolution
		HideSolutionNode = FALSE
	EndGlobalSection
	GlobalSection(ExtensibilityGlobals) = postSolution
		SolutionGuid = {BED3540A-B704-4C36-B137-DCCC50CA994A}
	EndGlobalSection
EndGlobal
